// !$*UTF8*$!
{
	archiveVersion = 1;
	classes = {
	};
	objectVersion = 48;
	objects = {

/* Begin PBXBuildFile section */
		190B62F92073E35E006E2D3D /* CategoryCell.swift in Sources */ = {isa = PBXBuildFile; fileRef = 190B62F82073E35E006E2D3D /* CategoryCell.swift */; };
		190B62FD207402DD006E2D3D /* SearchViewController.swift in Sources */ = {isa = PBXBuildFile; fileRef = 190B62FC207402DD006E2D3D /* SearchViewController.swift */; };
		190B630220742E4C006E2D3D /* DiscoverViewController.swift in Sources */ = {isa = PBXBuildFile; fileRef = 190B630120742E4C006E2D3D /* DiscoverViewController.swift */; };
		190C132520642CDA0027E452 /* IconsPageViewController.swift in Sources */ = {isa = PBXBuildFile; fileRef = 190C132420642CDA0027E452 /* IconsPageViewController.swift */; };
		190C1327206431F60027E452 /* IconsPageViewControlerProtocol.swift in Sources */ = {isa = PBXBuildFile; fileRef = 190C1326206431F60027E452 /* IconsPageViewControlerProtocol.swift */; };
		190C134220645DC60027E452 /* GenresViewController.swift in Sources */ = {isa = PBXBuildFile; fileRef = 190C134120645DC60027E452 /* GenresViewController.swift */; };
		190F8CD82069827500696645 /* ArtistsCollectionViewController.swift in Sources */ = {isa = PBXBuildFile; fileRef = 190F8CD72069827500696645 /* ArtistsCollectionViewController.swift */; };
		190F8CDA2069829E00696645 /* ArtistsCollectionViewCell.swift in Sources */ = {isa = PBXBuildFile; fileRef = 190F8CD92069829E00696645 /* ArtistsCollectionViewCell.swift */; };
		192F8B86209A2CB60099EC33 /* WriteReviewViewController.swift in Sources */ = {isa = PBXBuildFile; fileRef = 192F8B85209A2CB60099EC33 /* WriteReviewViewController.swift */; };
		194F7742208E78E30009E87F /* MovieDetailsViewController.swift in Sources */ = {isa = PBXBuildFile; fileRef = 194F7741208E78E30009E87F /* MovieDetailsViewController.swift */; };
		19613C1A207E833700F3DA41 /* CustomNavigationController.swift in Sources */ = {isa = PBXBuildFile; fileRef = 19613C19207E833700F3DA41 /* CustomNavigationController.swift */; };
		19613C1D207E8E9C00F3DA41 /* PhotoAlbumsViewController.swift in Sources */ = {isa = PBXBuildFile; fileRef = 19613C1C207E8E9C00F3DA41 /* PhotoAlbumsViewController.swift */; };
		1970FA9A2062D81B009BE4B4 /* AppDelegate.swift in Sources */ = {isa = PBXBuildFile; fileRef = 1970FA992062D81B009BE4B4 /* AppDelegate.swift */; };
		1970FA9C2062D81B009BE4B4 /* InitialViewController.swift in Sources */ = {isa = PBXBuildFile; fileRef = 1970FA9B2062D81B009BE4B4 /* InitialViewController.swift */; };
		1970FA9F2062D81B009BE4B4 /* Main.storyboard in Resources */ = {isa = PBXBuildFile; fileRef = 1970FA9D2062D81B009BE4B4 /* Main.storyboard */; };
		1970FAA12062D81B009BE4B4 /* Assets.xcassets in Resources */ = {isa = PBXBuildFile; fileRef = 1970FAA02062D81B009BE4B4 /* Assets.xcassets */; };
		1970FAA42062D81B009BE4B4 /* LaunchScreen.storyboard in Resources */ = {isa = PBXBuildFile; fileRef = 1970FAA22062D81B009BE4B4 /* LaunchScreen.storyboard */; };
		198AC160208A454D00AD0225 /* ClearSegmentedBar.swift in Sources */ = {isa = PBXBuildFile; fileRef = 198AC15F208A454D00AD0225 /* ClearSegmentedBar.swift */; };
		198AC162208A455200AD0225 /* GradientBackgroundView.swift in Sources */ = {isa = PBXBuildFile; fileRef = 198AC161208A455200AD0225 /* GradientBackgroundView.swift */; };
		198AC166208A94B900AD0225 /* ListOfFilmsViewController.swift in Sources */ = {isa = PBXBuildFile; fileRef = 198AC165208A94B900AD0225 /* ListOfFilmsViewController.swift */; };
		19B90F5120758001003C5811 /* PhotoAlbum.swift in Sources */ = {isa = PBXBuildFile; fileRef = 19B90F5020758001003C5811 /* PhotoAlbum.swift */; };
		19B90F532075802D003C5811 /* Artist.swift in Sources */ = {isa = PBXBuildFile; fileRef = 19B90F522075802D003C5811 /* Artist.swift */; };
		19B90F55207581D4003C5811 /* Film.swift in Sources */ = {isa = PBXBuildFile; fileRef = 19B90F54207581D4003C5811 /* Film.swift */; };
		19CB0ACE207BDF480045A16C /* AlertNetworkError.swift in Sources */ = {isa = PBXBuildFile; fileRef = 19CB0ACD207BDF480045A16C /* AlertNetworkError.swift */; };
		19CB0AD1207C02DC0045A16C /* Utils.swift in Sources */ = {isa = PBXBuildFile; fileRef = 19CB0AD0207C02DC0045A16C /* Utils.swift */; };
		19CC3AD020CEE96C00EC4DD2 /* LoadingView.swift in Sources */ = {isa = PBXBuildFile; fileRef = 19CC3ACF20CEE96C00EC4DD2 /* LoadingView.swift */; };
		19CC3AD220CEE9B200EC4DD2 /* LoadingView.xib in Resources */ = {isa = PBXBuildFile; fileRef = 19CC3AD120CEE9B200EC4DD2 /* LoadingView.xib */; };
		19E2B6A9206D9674009061B5 /* FilmListTableView.swift in Sources */ = {isa = PBXBuildFile; fileRef = 19E2B6A8206D9674009061B5 /* FilmListTableView.swift */; };
		19EB1E3420C59C6900C52D1C /* ViewReviewType.swift in Sources */ = {isa = PBXBuildFile; fileRef = 19EB1E3320C59C6900C52D1C /* ViewReviewType.swift */; };
		19EB1E3820C59CDC00C52D1C /* ViewReviewType.xib in Resources */ = {isa = PBXBuildFile; fileRef = 19EB1E3720C59CDC00C52D1C /* ViewReviewType.xib */; };
		19EB1E3A20C5DA9E00C52D1C /* NibDesignable.swift in Sources */ = {isa = PBXBuildFile; fileRef = 19EB1E3920C5DA9E00C52D1C /* NibDesignable.swift */; };
		19F3151520D025860050131D /* AllReviewsAndActors.swift in Sources */ = {isa = PBXBuildFile; fileRef = 19F3151420D025860050131D /* AllReviewsAndActors.swift */; };
		19F37FFA20C9A81C00F24EDE /* ArtistsView.xib in Resources */ = {isa = PBXBuildFile; fileRef = 19F37FF920C9A81C00F24EDE /* ArtistsView.xib */; };
		19F37FFC20C9AEB200F24EDE /* ArtistsView.swift in Sources */ = {isa = PBXBuildFile; fileRef = 19F37FFB20C9AEB200F24EDE /* ArtistsView.swift */; };
		19F37FFF20C9C59C00F24EDE /* SeeAllView.xib in Resources */ = {isa = PBXBuildFile; fileRef = 19F37FFE20C9C59C00F24EDE /* SeeAllView.xib */; };
		19F3800120C9C87B00F24EDE /* SeeAllView.swift in Sources */ = {isa = PBXBuildFile; fileRef = 19F3800020C9C87B00F24EDE /* SeeAllView.swift */; };
		19F3800420C9D8DA00F24EDE /* RecommendedMovieView.xib in Resources */ = {isa = PBXBuildFile; fileRef = 19F3800320C9D8DA00F24EDE /* RecommendedMovieView.xib */; };
		19F3800620C9DBE200F24EDE /* RecommendedMovieView.swift in Sources */ = {isa = PBXBuildFile; fileRef = 19F3800520C9DBE200F24EDE /* RecommendedMovieView.swift */; };
		19F93646206AA68A00E02A93 /* ArtistDetailsViewController.swift in Sources */ = {isa = PBXBuildFile; fileRef = 19F93645206AA68A00E02A93 /* ArtistDetailsViewController.swift */; };
		19F9364E206AAF8200E02A93 /* ExploreCollectionViewController.swift in Sources */ = {isa = PBXBuildFile; fileRef = 19F9364D206AAF8200E02A93 /* ExploreCollectionViewController.swift */; };
		19F93651206AB4FF00E02A93 /* ButtonWithRadius.swift in Sources */ = {isa = PBXBuildFile; fileRef = 19F93650206AB4FF00E02A93 /* ButtonWithRadius.swift */; };
		19FB4F27206BF8D40040DF69 /* TableViewSummaryCell.swift in Sources */ = {isa = PBXBuildFile; fileRef = 19FB4F26206BF8D40040DF69 /* TableViewSummaryCell.swift */; };
		19FB4F2B206C04020040DF69 /* TableViewMoviesCell.swift in Sources */ = {isa = PBXBuildFile; fileRef = 19FB4F2A206C04020040DF69 /* TableViewMoviesCell.swift */; };
		19FB4F33206C3A360040DF69 /* StarBarView.swift in Sources */ = {isa = PBXBuildFile; fileRef = 19FB4F31206C3A360040DF69 /* StarBarView.swift */; };
		19FB4F34206C3A360040DF69 /* StarBarView.xib in Resources */ = {isa = PBXBuildFile; fileRef = 19FB4F32206C3A360040DF69 /* StarBarView.xib */; };
		19FD60DB20767DF900CD47B7 /* Series.swift in Sources */ = {isa = PBXBuildFile; fileRef = 19FD60DA20767DF900CD47B7 /* Series.swift */; };
		19FD60DD20767F3600CD47B7 /* Review.swift in Sources */ = {isa = PBXBuildFile; fileRef = 19FD60DC20767F3600CD47B7 /* Review.swift */; };
		7FBDAC9D777877548DC2A127 /* Pods_MoviesAndSeries.framework in Frameworks */ = {isa = PBXBuildFile; fileRef = 05BC9472CB7F424AA2DD0F42 /* Pods_MoviesAndSeries.framework */; };
/* End PBXBuildFile section */

/* Begin PBXFileReference section */
		05BC9472CB7F424AA2DD0F42 /* Pods_MoviesAndSeries.framework */ = {isa = PBXFileReference; explicitFileType = wrapper.framework; includeInIndex = 0; path = Pods_MoviesAndSeries.framework; sourceTree = BUILT_PRODUCTS_DIR; };
		190B62F82073E35E006E2D3D /* CategoryCell.swift */ = {isa = PBXFileReference; lastKnownFileType = sourcecode.swift; path = CategoryCell.swift; sourceTree = "<group>"; };
		190B62FC207402DD006E2D3D /* SearchViewController.swift */ = {isa = PBXFileReference; lastKnownFileType = sourcecode.swift; path = SearchViewController.swift; sourceTree = "<group>"; };
		190B630120742E4C006E2D3D /* DiscoverViewController.swift */ = {isa = PBXFileReference; lastKnownFileType = sourcecode.swift; path = DiscoverViewController.swift; sourceTree = "<group>"; };
		190C132420642CDA0027E452 /* IconsPageViewController.swift */ = {isa = PBXFileReference; lastKnownFileType = sourcecode.swift; path = IconsPageViewController.swift; sourceTree = "<group>"; };
		190C1326206431F60027E452 /* IconsPageViewControlerProtocol.swift */ = {isa = PBXFileReference; lastKnownFileType = sourcecode.swift; path = IconsPageViewControlerProtocol.swift; sourceTree = "<group>"; };
		190C134120645DC60027E452 /* GenresViewController.swift */ = {isa = PBXFileReference; lastKnownFileType = sourcecode.swift; path = GenresViewController.swift; sourceTree = "<group>"; };
		190F8CD72069827500696645 /* ArtistsCollectionViewController.swift */ = {isa = PBXFileReference; lastKnownFileType = sourcecode.swift; path = ArtistsCollectionViewController.swift; sourceTree = "<group>"; };
		190F8CD92069829E00696645 /* ArtistsCollectionViewCell.swift */ = {isa = PBXFileReference; lastKnownFileType = sourcecode.swift; path = ArtistsCollectionViewCell.swift; sourceTree = "<group>"; };
		192F8B85209A2CB60099EC33 /* WriteReviewViewController.swift */ = {isa = PBXFileReference; lastKnownFileType = sourcecode.swift; path = WriteReviewViewController.swift; sourceTree = "<group>"; };
		194F7741208E78E30009E87F /* MovieDetailsViewController.swift */ = {isa = PBXFileReference; lastKnownFileType = sourcecode.swift; path = MovieDetailsViewController.swift; sourceTree = "<group>"; };
		19613C19207E833700F3DA41 /* CustomNavigationController.swift */ = {isa = PBXFileReference; lastKnownFileType = sourcecode.swift; name = CustomNavigationController.swift; path = ../CustomizedUIItems/CustomNavigationController.swift; sourceTree = "<group>"; };
		19613C1C207E8E9C00F3DA41 /* PhotoAlbumsViewController.swift */ = {isa = PBXFileReference; lastKnownFileType = sourcecode.swift; path = PhotoAlbumsViewController.swift; sourceTree = "<group>"; };
		1970FA962062D81B009BE4B4 /* MoviesAndSeries.app */ = {isa = PBXFileReference; explicitFileType = wrapper.application; includeInIndex = 0; path = MoviesAndSeries.app; sourceTree = BUILT_PRODUCTS_DIR; };
		1970FA992062D81B009BE4B4 /* AppDelegate.swift */ = {isa = PBXFileReference; lastKnownFileType = sourcecode.swift; path = AppDelegate.swift; sourceTree = "<group>"; };
		1970FA9B2062D81B009BE4B4 /* InitialViewController.swift */ = {isa = PBXFileReference; lastKnownFileType = sourcecode.swift; path = InitialViewController.swift; sourceTree = "<group>"; };
		1970FA9E2062D81B009BE4B4 /* Base */ = {isa = PBXFileReference; lastKnownFileType = file.storyboard; name = Base; path = Base.lproj/Main.storyboard; sourceTree = "<group>"; };
		1970FAA02062D81B009BE4B4 /* Assets.xcassets */ = {isa = PBXFileReference; lastKnownFileType = folder.assetcatalog; path = Assets.xcassets; sourceTree = "<group>"; };
		1970FAA32062D81B009BE4B4 /* Base */ = {isa = PBXFileReference; lastKnownFileType = file.storyboard; name = Base; path = Base.lproj/LaunchScreen.storyboard; sourceTree = "<group>"; };
		1970FAA52062D81B009BE4B4 /* Info.plist */ = {isa = PBXFileReference; lastKnownFileType = text.plist.xml; path = Info.plist; sourceTree = "<group>"; };
		198AC15F208A454D00AD0225 /* ClearSegmentedBar.swift */ = {isa = PBXFileReference; lastKnownFileType = sourcecode.swift; path = ClearSegmentedBar.swift; sourceTree = "<group>"; };
		198AC161208A455200AD0225 /* GradientBackgroundView.swift */ = {isa = PBXFileReference; lastKnownFileType = sourcecode.swift; path = GradientBackgroundView.swift; sourceTree = "<group>"; };
		198AC165208A94B900AD0225 /* ListOfFilmsViewController.swift */ = {isa = PBXFileReference; lastKnownFileType = sourcecode.swift; path = ListOfFilmsViewController.swift; sourceTree = "<group>"; };
		19B90F5020758001003C5811 /* PhotoAlbum.swift */ = {isa = PBXFileReference; lastKnownFileType = sourcecode.swift; path = PhotoAlbum.swift; sourceTree = "<group>"; };
		19B90F522075802D003C5811 /* Artist.swift */ = {isa = PBXFileReference; lastKnownFileType = sourcecode.swift; path = Artist.swift; sourceTree = "<group>"; };
		19B90F54207581D4003C5811 /* Film.swift */ = {isa = PBXFileReference; lastKnownFileType = sourcecode.swift; path = Film.swift; sourceTree = "<group>"; };
		19CB0ACD207BDF480045A16C /* AlertNetworkError.swift */ = {isa = PBXFileReference; lastKnownFileType = sourcecode.swift; name = AlertNetworkError.swift; path = ../CustomizedUIItems/AlertNetworkError.swift; sourceTree = "<group>"; };
		19CB0AD0207C02DC0045A16C /* Utils.swift */ = {isa = PBXFileReference; lastKnownFileType = sourcecode.swift; path = Utils.swift; sourceTree = "<group>"; };
		19CC3ACF20CEE96C00EC4DD2 /* LoadingView.swift */ = {isa = PBXFileReference; lastKnownFileType = sourcecode.swift; path = LoadingView.swift; sourceTree = "<group>"; };
		19CC3AD120CEE9B200EC4DD2 /* LoadingView.xib */ = {isa = PBXFileReference; lastKnownFileType = file.xib; path = LoadingView.xib; sourceTree = "<group>"; };
		19E2B6A8206D9674009061B5 /* FilmListTableView.swift */ = {isa = PBXFileReference; lastKnownFileType = sourcecode.swift; name = FilmListTableView.swift; path = ../../CustomizedUIItems/FilmListTableView/FilmListTableView.swift; sourceTree = "<group>"; };
		19EB1E3320C59C6900C52D1C /* ViewReviewType.swift */ = {isa = PBXFileReference; lastKnownFileType = sourcecode.swift; path = ViewReviewType.swift; sourceTree = "<group>"; };
		19EB1E3720C59CDC00C52D1C /* ViewReviewType.xib */ = {isa = PBXFileReference; lastKnownFileType = file.xib; path = ViewReviewType.xib; sourceTree = "<group>"; };
		19EB1E3920C5DA9E00C52D1C /* NibDesignable.swift */ = {isa = PBXFileReference; lastKnownFileType = sourcecode.swift; path = NibDesignable.swift; sourceTree = "<group>"; };
		19F3151420D025860050131D /* AllReviewsAndActors.swift */ = {isa = PBXFileReference; lastKnownFileType = sourcecode.swift; path = AllReviewsAndActors.swift; sourceTree = "<group>"; };
		19F37FF920C9A81C00F24EDE /* ArtistsView.xib */ = {isa = PBXFileReference; lastKnownFileType = file.xib; path = ArtistsView.xib; sourceTree = "<group>"; };
		19F37FFB20C9AEB200F24EDE /* ArtistsView.swift */ = {isa = PBXFileReference; lastKnownFileType = sourcecode.swift; path = ArtistsView.swift; sourceTree = "<group>"; };
		19F37FFE20C9C59C00F24EDE /* SeeAllView.xib */ = {isa = PBXFileReference; lastKnownFileType = file.xib; path = SeeAllView.xib; sourceTree = "<group>"; };
		19F3800020C9C87B00F24EDE /* SeeAllView.swift */ = {isa = PBXFileReference; lastKnownFileType = sourcecode.swift; path = SeeAllView.swift; sourceTree = "<group>"; };
		19F3800320C9D8DA00F24EDE /* RecommendedMovieView.xib */ = {isa = PBXFileReference; lastKnownFileType = file.xib; path = RecommendedMovieView.xib; sourceTree = "<group>"; };
		19F3800520C9DBE200F24EDE /* RecommendedMovieView.swift */ = {isa = PBXFileReference; lastKnownFileType = sourcecode.swift; path = RecommendedMovieView.swift; sourceTree = "<group>"; };
		19F93645206AA68A00E02A93 /* ArtistDetailsViewController.swift */ = {isa = PBXFileReference; lastKnownFileType = sourcecode.swift; path = ArtistDetailsViewController.swift; sourceTree = "<group>"; };
		19F9364D206AAF8200E02A93 /* ExploreCollectionViewController.swift */ = {isa = PBXFileReference; lastKnownFileType = sourcecode.swift; path = ExploreCollectionViewController.swift; sourceTree = "<group>"; };
		19F93650206AB4FF00E02A93 /* ButtonWithRadius.swift */ = {isa = PBXFileReference; lastKnownFileType = sourcecode.swift; name = ButtonWithRadius.swift; path = ../CustomizedUIItems/ButtonWithRadius.swift; sourceTree = "<group>"; };
		19FB4F26206BF8D40040DF69 /* TableViewSummaryCell.swift */ = {isa = PBXFileReference; lastKnownFileType = sourcecode.swift; name = TableViewSummaryCell.swift; path = ../../../CustomizedUIItems/FilmListTableView/Cells/TableViewSummaryCell.swift; sourceTree = "<group>"; };
		19FB4F2A206C04020040DF69 /* TableViewMoviesCell.swift */ = {isa = PBXFileReference; lastKnownFileType = sourcecode.swift; name = TableViewMoviesCell.swift; path = ../../../CustomizedUIItems/FilmListTableView/Cells/TableViewMoviesCell.swift; sourceTree = "<group>"; };
		19FB4F31206C3A360040DF69 /* StarBarView.swift */ = {isa = PBXFileReference; lastKnownFileType = sourcecode.swift; path = StarBarView.swift; sourceTree = "<group>"; };
		19FB4F32206C3A360040DF69 /* StarBarView.xib */ = {isa = PBXFileReference; lastKnownFileType = file.xib; path = StarBarView.xib; sourceTree = "<group>"; };
		19FD60DA20767DF900CD47B7 /* Series.swift */ = {isa = PBXFileReference; lastKnownFileType = sourcecode.swift; path = Series.swift; sourceTree = "<group>"; };
		19FD60DC20767F3600CD47B7 /* Review.swift */ = {isa = PBXFileReference; lastKnownFileType = sourcecode.swift; path = Review.swift; sourceTree = "<group>"; };
		2EDA70A02E801DC0996ACBA1 /* Pods-MoviesAndSeries.debug.xcconfig */ = {isa = PBXFileReference; includeInIndex = 1; lastKnownFileType = text.xcconfig; name = "Pods-MoviesAndSeries.debug.xcconfig"; path = "Pods/Target Support Files/Pods-MoviesAndSeries/Pods-MoviesAndSeries.debug.xcconfig"; sourceTree = "<group>"; };
		32F91E4A74DB5124A5313A65 /* Pods_Movies___Series.framework */ = {isa = PBXFileReference; explicitFileType = wrapper.framework; includeInIndex = 0; path = "Pods_Movies___Series.framework"; sourceTree = BUILT_PRODUCTS_DIR; };
		F42F213A02D27C55FD4C2DE6 /* Pods-MoviesAndSeries.release.xcconfig */ = {isa = PBXFileReference; includeInIndex = 1; lastKnownFileType = text.xcconfig; name = "Pods-MoviesAndSeries.release.xcconfig"; path = "Pods/Target Support Files/Pods-MoviesAndSeries/Pods-MoviesAndSeries.release.xcconfig"; sourceTree = "<group>"; };
/* End PBXFileReference section */

/* Begin PBXFrameworksBuildPhase section */
		1970FA932062D81B009BE4B4 /* Frameworks */ = {
			isa = PBXFrameworksBuildPhase;
			buildActionMask = 2147483647;
			files = (
				7FBDAC9D777877548DC2A127 /* Pods_MoviesAndSeries.framework in Frameworks */,
			);
			runOnlyForDeploymentPostprocessing = 0;
		};
/* End PBXFrameworksBuildPhase section */

/* Begin PBXGroup section */
		190B62FB207402C1006E2D3D /* Search */ = {
			isa = PBXGroup;
			children = (
				190B62FC207402DD006E2D3D /* SearchViewController.swift */,
			);
			path = Search;
			sourceTree = "<group>";
		};
		190B630020742E2D006E2D3D /* Discover */ = {
			isa = PBXGroup;
			children = (
				190B630120742E4C006E2D3D /* DiscoverViewController.swift */,
			);
			path = Discover;
			sourceTree = "<group>";
		};
		190C134020645DAE0027E452 /* Genres */ = {
			isa = PBXGroup;
			children = (
				190C134120645DC60027E452 /* GenresViewController.swift */,
				190B62F82073E35E006E2D3D /* CategoryCell.swift */,
			);
			path = Genres;
			sourceTree = "<group>";
		};
		192F8B84209A2BF70099EC33 /* WriteReview */ = {
			isa = PBXGroup;
			children = (
				192F8B85209A2CB60099EC33 /* WriteReviewViewController.swift */,
			);
			path = WriteReview;
			sourceTree = "<group>";
		};
		1938585D206598A30057D384 /* Artists */ = {
			isa = PBXGroup;
			children = (
				190F8CD72069827500696645 /* ArtistsCollectionViewController.swift */,
				190F8CD92069829E00696645 /* ArtistsCollectionViewCell.swift */,
			);
			path = Artists;
			sourceTree = "<group>";
		};
		194F7740208E78A30009E87F /* MovieDetails */ = {
			isa = PBXGroup;
			children = (
				194F7741208E78E30009E87F /* MovieDetailsViewController.swift */,
				192F8B84209A2BF70099EC33 /* WriteReview */,
				19F3151320D025490050131D /* AllReviewsAndActors */,
			);
			path = MovieDetails;
			sourceTree = "<group>";
		};
		19613C1B207E8E4D00F3DA41 /* PhotoAlbums */ = {
			isa = PBXGroup;
			children = (
				19613C1C207E8E9C00F3DA41 /* PhotoAlbumsViewController.swift */,
			);
			path = PhotoAlbums;
			sourceTree = "<group>";
		};
		1970FA8D2062D81B009BE4B4 = {
			isa = PBXGroup;
			children = (
				1970FA982062D81B009BE4B4 /* MoviesAndSeries */,
				1970FA972062D81B009BE4B4 /* Products */,
				ED848CCF0FB179D63209607F /* Pods */,
				D0C015F9FF7C9DD9D1D6A148 /* Frameworks */,
			);
			sourceTree = "<group>";
		};
		1970FA972062D81B009BE4B4 /* Products */ = {
			isa = PBXGroup;
			children = (
				1970FA962062D81B009BE4B4 /* MoviesAndSeries.app */,
			);
			name = Products;
			sourceTree = "<group>";
		};
		1970FA982062D81B009BE4B4 /* MoviesAndSeries */ = {
			isa = PBXGroup;
			children = (
				1970FAAB2062D840009BE4B4 /* VIew */,
				19D866592062FC0E00241749 /* Initial */,
				190B630020742E2D006E2D3D /* Discover */,
				190C134020645DAE0027E452 /* Genres */,
				198AC164208A948500AD0225 /* ListOfFilms */,
				1938585D206598A30057D384 /* Artists */,
				19F93644206AA64E00E02A93 /* ArtistDetails */,
				194F7740208E78A30009E87F /* MovieDetails */,
				19613C1B207E8E4D00F3DA41 /* PhotoAlbums */,
				190B62FB207402C1006E2D3D /* Search */,
				19FB4F2E206C34010040DF69 /* Components */,
				198AC163208A456800AD0225 /* Extensions */,
				19F9364F206AB4D400E02A93 /* CustomizedUIItems */,
				19B90F4F20757FDC003C5811 /* Backend */,
				19CB0AD0207C02DC0045A16C /* Utils.swift */,
				1970FA992062D81B009BE4B4 /* AppDelegate.swift */,
				19EB1E3920C5DA9E00C52D1C /* NibDesignable.swift */,
				1970FAA52062D81B009BE4B4 /* Info.plist */,
			);
			path = MoviesAndSeries;
			sourceTree = "<group>";
		};
		1970FAAB2062D840009BE4B4 /* VIew */ = {
			isa = PBXGroup;
			children = (
				1970FA9D2062D81B009BE4B4 /* Main.storyboard */,
				1970FAA02062D81B009BE4B4 /* Assets.xcassets */,
				1970FAA22062D81B009BE4B4 /* LaunchScreen.storyboard */,
			);
			path = VIew;
			sourceTree = "<group>";
		};
		198AC163208A456800AD0225 /* Extensions */ = {
			isa = PBXGroup;
			children = (
				198AC15F208A454D00AD0225 /* ClearSegmentedBar.swift */,
				198AC161208A455200AD0225 /* GradientBackgroundView.swift */,
			);
			path = Extensions;
			sourceTree = "<group>";
		};
		198AC164208A948500AD0225 /* ListOfFilms */ = {
			isa = PBXGroup;
			children = (
				198AC165208A94B900AD0225 /* ListOfFilmsViewController.swift */,
			);
			path = ListOfFilms;
			sourceTree = "<group>";
		};
		19B90F4F20757FDC003C5811 /* Backend */ = {
			isa = PBXGroup;
			children = (
				19B90F54207581D4003C5811 /* Film.swift */,
				19FD60DA20767DF900CD47B7 /* Series.swift */,
				19B90F522075802D003C5811 /* Artist.swift */,
				19B90F5020758001003C5811 /* PhotoAlbum.swift */,
				19FD60DC20767F3600CD47B7 /* Review.swift */,
			);
			path = Backend;
			sourceTree = "<group>";
		};
		19CC3ACE20CEE95700EC4DD2 /* LoadingView */ = {
			isa = PBXGroup;
			children = (
				19CC3ACF20CEE96C00EC4DD2 /* LoadingView.swift */,
				19CC3AD120CEE9B200EC4DD2 /* LoadingView.xib */,
			);
			path = LoadingView;
			sourceTree = "<group>";
		};
		19D866592062FC0E00241749 /* Initial */ = {
			isa = PBXGroup;
			children = (
				1970FA9B2062D81B009BE4B4 /* InitialViewController.swift */,
				190C132420642CDA0027E452 /* IconsPageViewController.swift */,
				190C1326206431F60027E452 /* IconsPageViewControlerProtocol.swift */,
				19F9364D206AAF8200E02A93 /* ExploreCollectionViewController.swift */,
			);
			path = Initial;
			sourceTree = "<group>";
		};
		19EB1E3220C59C0500C52D1C /* ReviewView */ = {
			isa = PBXGroup;
			children = (
				19EB1E3320C59C6900C52D1C /* ViewReviewType.swift */,
				19EB1E3720C59CDC00C52D1C /* ViewReviewType.xib */,
			);
			path = ReviewView;
			sourceTree = "<group>";
		};
		19F3151320D025490050131D /* AllReviewsAndActors */ = {
			isa = PBXGroup;
			children = (
				19F3151420D025860050131D /* AllReviewsAndActors.swift */,
			);
			path = AllReviewsAndActors;
			sourceTree = "<group>";
		};
		19F37FF820C9A7D800F24EDE /* ArtistsView */ = {
			isa = PBXGroup;
			children = (
				19F37FFB20C9AEB200F24EDE /* ArtistsView.swift */,
				19F37FF920C9A81C00F24EDE /* ArtistsView.xib */,
			);
			path = ArtistsView;
			sourceTree = "<group>";
		};
		19F37FFD20C9C58400F24EDE /* SeeAllView */ = {
			isa = PBXGroup;
			children = (
				19F3800020C9C87B00F24EDE /* SeeAllView.swift */,
				19F37FFE20C9C59C00F24EDE /* SeeAllView.xib */,
			);
			path = SeeAllView;
			sourceTree = "<group>";
		};
		19F3800220C9D89600F24EDE /* RecommendedMovieView */ = {
			isa = PBXGroup;
			children = (
				19F3800520C9DBE200F24EDE /* RecommendedMovieView.swift */,
				19F3800320C9D8DA00F24EDE /* RecommendedMovieView.xib */,
			);
			path = RecommendedMovieView;
			sourceTree = "<group>";
		};
		19F93644206AA64E00E02A93 /* ArtistDetails */ = {
			isa = PBXGroup;
			children = (
				19F93645206AA68A00E02A93 /* ArtistDetailsViewController.swift */,
			);
			path = ArtistDetails;
			sourceTree = "<group>";
		};
		19F9364F206AB4D400E02A93 /* CustomizedUIItems */ = {
			isa = PBXGroup;
			children = (
				19613C19207E833700F3DA41 /* CustomNavigationController.swift */,
				19CB0ACD207BDF480045A16C /* AlertNetworkError.swift */,
				19F93650206AB4FF00E02A93 /* ButtonWithRadius.swift */,
				19FB4F28206C034C0040DF69 /* FilmListTableView */,
			);
			path = CustomizedUIItems;
			sourceTree = "<group>";
		};
		19FB4F28206C034C0040DF69 /* FilmListTableView */ = {
			isa = PBXGroup;
			children = (
				19E2B6A8206D9674009061B5 /* FilmListTableView.swift */,
				19FB4F29206C03C10040DF69 /* Cells */,
			);
			path = FilmListTableView;
			sourceTree = "<group>";
		};
		19FB4F29206C03C10040DF69 /* Cells */ = {
			isa = PBXGroup;
			children = (
				19FB4F26206BF8D40040DF69 /* TableViewSummaryCell.swift */,
				19FB4F2A206C04020040DF69 /* TableViewMoviesCell.swift */,
			);
			path = Cells;
			sourceTree = "<group>";
		};
		19FB4F2E206C34010040DF69 /* Components */ = {
			isa = PBXGroup;
			children = (
				19CC3ACE20CEE95700EC4DD2 /* LoadingView */,
				19F3800220C9D89600F24EDE /* RecommendedMovieView */,
				19F37FFD20C9C58400F24EDE /* SeeAllView */,
				19F37FF820C9A7D800F24EDE /* ArtistsView */,
				19FB4F35206C3AFD0040DF69 /* StarBar */,
				19EB1E3220C59C0500C52D1C /* ReviewView */,
			);
			path = Components;
			sourceTree = "<group>";
		};
		19FB4F35206C3AFD0040DF69 /* StarBar */ = {
			isa = PBXGroup;
			children = (
				19FB4F31206C3A360040DF69 /* StarBarView.swift */,
				19FB4F32206C3A360040DF69 /* StarBarView.xib */,
			);
			path = StarBar;
			sourceTree = "<group>";
		};
		D0C015F9FF7C9DD9D1D6A148 /* Frameworks */ = {
			isa = PBXGroup;
			children = (
				32F91E4A74DB5124A5313A65 /* Pods_Movies___Series.framework */,
				05BC9472CB7F424AA2DD0F42 /* Pods_MoviesAndSeries.framework */,
			);
			name = Frameworks;
			sourceTree = "<group>";
		};
		ED848CCF0FB179D63209607F /* Pods */ = {
			isa = PBXGroup;
			children = (
				2EDA70A02E801DC0996ACBA1 /* Pods-MoviesAndSeries.debug.xcconfig */,
				F42F213A02D27C55FD4C2DE6 /* Pods-MoviesAndSeries.release.xcconfig */,
			);
			name = Pods;
			sourceTree = "<group>";
		};
/* End PBXGroup section */

/* Begin PBXNativeTarget section */
		1970FA952062D81B009BE4B4 /* MoviesAndSeries */ = {
			isa = PBXNativeTarget;
			buildConfigurationList = 1970FAA82062D81B009BE4B4 /* Build configuration list for PBXNativeTarget "MoviesAndSeries" */;
			buildPhases = (
				12C34F8B3C79763C8E820C92 /* [CP] Check Pods Manifest.lock */,
				1970FA922062D81B009BE4B4 /* Sources */,
				1970FA932062D81B009BE4B4 /* Frameworks */,
				1970FA942062D81B009BE4B4 /* Resources */,
				E8F508A4AB30C64049A523FA /* [CP] Embed Pods Frameworks */,
			);
			buildRules = (
			);
			dependencies = (
			);
			name = MoviesAndSeries;
			productName = "Movies & Series";
			productReference = 1970FA962062D81B009BE4B4 /* MoviesAndSeries.app */;
			productType = "com.apple.product-type.application";
		};
/* End PBXNativeTarget section */

/* Begin PBXProject section */
		1970FA8E2062D81B009BE4B4 /* Project object */ = {
			isa = PBXProject;
			attributes = {
				LastSwiftUpdateCheck = 0920;
				LastUpgradeCheck = 0920;
				ORGANIZATIONNAME = "Nodo Digital";
				TargetAttributes = {
					1970FA952062D81B009BE4B4 = {
						CreatedOnToolsVersion = 9.2;
						ProvisioningStyle = Automatic;
					};
				};
			};
			buildConfigurationList = 1970FA912062D81B009BE4B4 /* Build configuration list for PBXProject "MoviesAndSeries" */;
			compatibilityVersion = "Xcode 8.0";
			developmentRegion = en;
			hasScannedForEncodings = 0;
			knownRegions = (
				en,
				Base,
			);
			mainGroup = 1970FA8D2062D81B009BE4B4;
			productRefGroup = 1970FA972062D81B009BE4B4 /* Products */;
			projectDirPath = "";
			projectRoot = "";
			targets = (
				1970FA952062D81B009BE4B4 /* MoviesAndSeries */,
			);
		};
/* End PBXProject section */

/* Begin PBXResourcesBuildPhase section */
		1970FA942062D81B009BE4B4 /* Resources */ = {
			isa = PBXResourcesBuildPhase;
			buildActionMask = 2147483647;
			files = (
				1970FAA42062D81B009BE4B4 /* LaunchScreen.storyboard in Resources */,
				19EB1E3820C59CDC00C52D1C /* ViewReviewType.xib in Resources */,
				1970FAA12062D81B009BE4B4 /* Assets.xcassets in Resources */,
				19F37FFF20C9C59C00F24EDE /* SeeAllView.xib in Resources */,
				19F37FFA20C9A81C00F24EDE /* ArtistsView.xib in Resources */,
				19FB4F34206C3A360040DF69 /* StarBarView.xib in Resources */,
				19CC3AD220CEE9B200EC4DD2 /* LoadingView.xib in Resources */,
				1970FA9F2062D81B009BE4B4 /* Main.storyboard in Resources */,
				19F3800420C9D8DA00F24EDE /* RecommendedMovieView.xib in Resources */,
			);
			runOnlyForDeploymentPostprocessing = 0;
		};
/* End PBXResourcesBuildPhase section */

/* Begin PBXShellScriptBuildPhase section */
		12C34F8B3C79763C8E820C92 /* [CP] Check Pods Manifest.lock */ = {
			isa = PBXShellScriptBuildPhase;
			buildActionMask = 2147483647;
			files = (
			);
			inputPaths = (
				"${PODS_PODFILE_DIR_PATH}/Podfile.lock",
				"${PODS_ROOT}/Manifest.lock",
			);
			name = "[CP] Check Pods Manifest.lock";
			outputPaths = (
				"$(DERIVED_FILE_DIR)/Pods-MoviesAndSeries-checkManifestLockResult.txt",
			);
			runOnlyForDeploymentPostprocessing = 0;
			shellPath = /bin/sh;
			shellScript = "diff \"${PODS_PODFILE_DIR_PATH}/Podfile.lock\" \"${PODS_ROOT}/Manifest.lock\" > /dev/null\nif [ $? != 0 ] ; then\n    # print error to STDERR\n    echo \"error: The sandbox is not in sync with the Podfile.lock. Run 'pod install' or update your CocoaPods installation.\" >&2\n    exit 1\nfi\n# This output is used by Xcode 'outputs' to avoid re-running this script phase.\necho \"SUCCESS\" > \"${SCRIPT_OUTPUT_FILE_0}\"\n";
			showEnvVarsInLog = 0;
		};
		E8F508A4AB30C64049A523FA /* [CP] Embed Pods Frameworks */ = {
			isa = PBXShellScriptBuildPhase;
			buildActionMask = 2147483647;
			files = (
			);
			inputPaths = (
				"${SRCROOT}/Pods/Target Support Files/Pods-MoviesAndSeries/Pods-MoviesAndSeries-frameworks.sh",
				"${BUILT_PRODUCTS_DIR}/ExpandableLabel/ExpandableLabel.framework",
				"${BUILT_PRODUCTS_DIR}/SDWebImage/SDWebImage.framework",
				"${BUILT_PRODUCTS_DIR}/libwebp/libwebp.framework",
			);
			name = "[CP] Embed Pods Frameworks";
			outputPaths = (
				"${TARGET_BUILD_DIR}/${FRAMEWORKS_FOLDER_PATH}/ExpandableLabel.framework",
				"${TARGET_BUILD_DIR}/${FRAMEWORKS_FOLDER_PATH}/SDWebImage.framework",
				"${TARGET_BUILD_DIR}/${FRAMEWORKS_FOLDER_PATH}/libwebp.framework",
			);
			runOnlyForDeploymentPostprocessing = 0;
			shellPath = /bin/sh;
			shellScript = "\"${SRCROOT}/Pods/Target Support Files/Pods-MoviesAndSeries/Pods-MoviesAndSeries-frameworks.sh\"\n";
			showEnvVarsInLog = 0;
		};
/* End PBXShellScriptBuildPhase section */

/* Begin PBXSourcesBuildPhase section */
		1970FA922062D81B009BE4B4 /* Sources */ = {
			isa = PBXSourcesBuildPhase;
			buildActionMask = 2147483647;
			files = (
				19F3800120C9C87B00F24EDE /* SeeAllView.swift in Sources */,
				190C1327206431F60027E452 /* IconsPageViewControlerProtocol.swift in Sources */,
				19FB4F27206BF8D40040DF69 /* TableViewSummaryCell.swift in Sources */,
				190F8CDA2069829E00696645 /* ArtistsCollectionViewCell.swift in Sources */,
				19F37FFC20C9AEB200F24EDE /* ArtistsView.swift in Sources */,
				19CC3AD020CEE96C00EC4DD2 /* LoadingView.swift in Sources */,
				190B62FD207402DD006E2D3D /* SearchViewController.swift in Sources */,
				1970FA9C2062D81B009BE4B4 /* InitialViewController.swift in Sources */,
				19F93651206AB4FF00E02A93 /* ButtonWithRadius.swift in Sources */,
				19FD60DD20767F3600CD47B7 /* Review.swift in Sources */,
				19613C1D207E8E9C00F3DA41 /* PhotoAlbumsViewController.swift in Sources */,
				19E2B6A9206D9674009061B5 /* FilmListTableView.swift in Sources */,
				19FD60DB20767DF900CD47B7 /* Series.swift in Sources */,
				198AC160208A454D00AD0225 /* ClearSegmentedBar.swift in Sources */,
				19FB4F33206C3A360040DF69 /* StarBarView.swift in Sources */,
				190B630220742E4C006E2D3D /* DiscoverViewController.swift in Sources */,
				19F3800620C9DBE200F24EDE /* RecommendedMovieView.swift in Sources */,
				192F8B86209A2CB60099EC33 /* WriteReviewViewController.swift in Sources */,
				19613C1A207E833700F3DA41 /* CustomNavigationController.swift in Sources */,
				19B90F5120758001003C5811 /* PhotoAlbum.swift in Sources */,
				1970FA9A2062D81B009BE4B4 /* AppDelegate.swift in Sources */,
				190C132520642CDA0027E452 /* IconsPageViewController.swift in Sources */,
				19B90F55207581D4003C5811 /* Film.swift in Sources */,
				19EB1E3A20C5DA9E00C52D1C /* NibDesignable.swift in Sources */,
				19FB4F2B206C04020040DF69 /* TableViewMoviesCell.swift in Sources */,
				198AC166208A94B900AD0225 /* ListOfFilmsViewController.swift in Sources */,
				194F7742208E78E30009E87F /* MovieDetailsViewController.swift in Sources */,
				190B62F92073E35E006E2D3D /* CategoryCell.swift in Sources */,
				19F93646206AA68A00E02A93 /* ArtistDetailsViewController.swift in Sources */,
				19EB1E3420C59C6900C52D1C /* ViewReviewType.swift in Sources */,
				190F8CD82069827500696645 /* ArtistsCollectionViewController.swift in Sources */,
				198AC162208A455200AD0225 /* GradientBackgroundView.swift in Sources */,
				19F9364E206AAF8200E02A93 /* ExploreCollectionViewController.swift in Sources */,
				19F3151520D025860050131D /* AllReviewsAndActors.swift in Sources */,
				19B90F532075802D003C5811 /* Artist.swift in Sources */,
				19CB0ACE207BDF480045A16C /* AlertNetworkError.swift in Sources */,
				190C134220645DC60027E452 /* GenresViewController.swift in Sources */,
				19CB0AD1207C02DC0045A16C /* Utils.swift in Sources */,
			);
			runOnlyForDeploymentPostprocessing = 0;
		};
/* End PBXSourcesBuildPhase section */

/* Begin PBXVariantGroup section */
		1970FA9D2062D81B009BE4B4 /* Main.storyboard */ = {
			isa = PBXVariantGroup;
			children = (
				1970FA9E2062D81B009BE4B4 /* Base */,
			);
			name = Main.storyboard;
			sourceTree = "<group>";
		};
		1970FAA22062D81B009BE4B4 /* LaunchScreen.storyboard */ = {
			isa = PBXVariantGroup;
			children = (
				1970FAA32062D81B009BE4B4 /* Base */,
			);
			name = LaunchScreen.storyboard;
			sourceTree = "<group>";
		};
/* End PBXVariantGroup section */

/* Begin XCBuildConfiguration section */
		1970FAA62062D81B009BE4B4 /* Debug */ = {
			isa = XCBuildConfiguration;
			buildSettings = {
				ALWAYS_SEARCH_USER_PATHS = NO;
				CLANG_ANALYZER_NONNULL = YES;
				CLANG_ANALYZER_NUMBER_OBJECT_CONVERSION = YES_AGGRESSIVE;
				CLANG_CXX_LANGUAGE_STANDARD = "gnu++14";
				CLANG_CXX_LIBRARY = "libc++";
				CLANG_ENABLE_MODULES = YES;
				CLANG_ENABLE_OBJC_ARC = YES;
				CLANG_WARN_BLOCK_CAPTURE_AUTORELEASING = YES;
				CLANG_WARN_BOOL_CONVERSION = YES;
				CLANG_WARN_COMMA = YES;
				CLANG_WARN_CONSTANT_CONVERSION = YES;
				CLANG_WARN_DIRECT_OBJC_ISA_USAGE = YES_ERROR;
				CLANG_WARN_DOCUMENTATION_COMMENTS = YES;
				CLANG_WARN_EMPTY_BODY = YES;
				CLANG_WARN_ENUM_CONVERSION = YES;
				CLANG_WARN_INFINITE_RECURSION = YES;
				CLANG_WARN_INT_CONVERSION = YES;
				CLANG_WARN_NON_LITERAL_NULL_CONVERSION = YES;
				CLANG_WARN_OBJC_LITERAL_CONVERSION = YES;
				CLANG_WARN_OBJC_ROOT_CLASS = YES_ERROR;
				CLANG_WARN_RANGE_LOOP_ANALYSIS = YES;
				CLANG_WARN_STRICT_PROTOTYPES = YES;
				CLANG_WARN_SUSPICIOUS_MOVE = YES;
				CLANG_WARN_UNGUARDED_AVAILABILITY = YES_AGGRESSIVE;
				CLANG_WARN_UNREACHABLE_CODE = YES;
				CLANG_WARN__DUPLICATE_METHOD_MATCH = YES;
				CODE_SIGN_IDENTITY = "iPhone Developer";
				COPY_PHASE_STRIP = NO;
				DEBUG_INFORMATION_FORMAT = dwarf;
				ENABLE_STRICT_OBJC_MSGSEND = YES;
				ENABLE_TESTABILITY = YES;
				GCC_C_LANGUAGE_STANDARD = gnu11;
				GCC_DYNAMIC_NO_PIC = NO;
				GCC_NO_COMMON_BLOCKS = YES;
				GCC_OPTIMIZATION_LEVEL = 0;
				GCC_PREPROCESSOR_DEFINITIONS = (
					"DEBUG=1",
					"$(inherited)",
				);
				GCC_WARN_64_TO_32_BIT_CONVERSION = YES;
				GCC_WARN_ABOUT_RETURN_TYPE = YES_ERROR;
				GCC_WARN_UNDECLARED_SELECTOR = YES;
				GCC_WARN_UNINITIALIZED_AUTOS = YES_AGGRESSIVE;
				GCC_WARN_UNUSED_FUNCTION = YES;
				GCC_WARN_UNUSED_VARIABLE = YES;
				IPHONEOS_DEPLOYMENT_TARGET = 11.2;
				MTL_ENABLE_DEBUG_INFO = YES;
				ONLY_ACTIVE_ARCH = YES;
				SDKROOT = iphoneos;
				SWIFT_ACTIVE_COMPILATION_CONDITIONS = DEBUG;
				SWIFT_OPTIMIZATION_LEVEL = "-Onone";
			};
			name = Debug;
		};
		1970FAA72062D81B009BE4B4 /* Release */ = {
			isa = XCBuildConfiguration;
			buildSettings = {
				ALWAYS_SEARCH_USER_PATHS = NO;
				CLANG_ANALYZER_NONNULL = YES;
				CLANG_ANALYZER_NUMBER_OBJECT_CONVERSION = YES_AGGRESSIVE;
				CLANG_CXX_LANGUAGE_STANDARD = "gnu++14";
				CLANG_CXX_LIBRARY = "libc++";
				CLANG_ENABLE_MODULES = YES;
				CLANG_ENABLE_OBJC_ARC = YES;
				CLANG_WARN_BLOCK_CAPTURE_AUTORELEASING = YES;
				CLANG_WARN_BOOL_CONVERSION = YES;
				CLANG_WARN_COMMA = YES;
				CLANG_WARN_CONSTANT_CONVERSION = YES;
				CLANG_WARN_DIRECT_OBJC_ISA_USAGE = YES_ERROR;
				CLANG_WARN_DOCUMENTATION_COMMENTS = YES;
				CLANG_WARN_EMPTY_BODY = YES;
				CLANG_WARN_ENUM_CONVERSION = YES;
				CLANG_WARN_INFINITE_RECURSION = YES;
				CLANG_WARN_INT_CONVERSION = YES;
				CLANG_WARN_NON_LITERAL_NULL_CONVERSION = YES;
				CLANG_WARN_OBJC_LITERAL_CONVERSION = YES;
				CLANG_WARN_OBJC_ROOT_CLASS = YES_ERROR;
				CLANG_WARN_RANGE_LOOP_ANALYSIS = YES;
				CLANG_WARN_STRICT_PROTOTYPES = YES;
				CLANG_WARN_SUSPICIOUS_MOVE = YES;
				CLANG_WARN_UNGUARDED_AVAILABILITY = YES_AGGRESSIVE;
				CLANG_WARN_UNREACHABLE_CODE = YES;
				CLANG_WARN__DUPLICATE_METHOD_MATCH = YES;
				CODE_SIGN_IDENTITY = "iPhone Developer";
				COPY_PHASE_STRIP = NO;
				DEBUG_INFORMATION_FORMAT = "dwarf-with-dsym";
				ENABLE_NS_ASSERTIONS = NO;
				ENABLE_STRICT_OBJC_MSGSEND = YES;
				GCC_C_LANGUAGE_STANDARD = gnu11;
				GCC_NO_COMMON_BLOCKS = YES;
				GCC_WARN_64_TO_32_BIT_CONVERSION = YES;
				GCC_WARN_ABOUT_RETURN_TYPE = YES_ERROR;
				GCC_WARN_UNDECLARED_SELECTOR = YES;
				GCC_WARN_UNINITIALIZED_AUTOS = YES_AGGRESSIVE;
				GCC_WARN_UNUSED_FUNCTION = YES;
				GCC_WARN_UNUSED_VARIABLE = YES;
				IPHONEOS_DEPLOYMENT_TARGET = 11.2;
				MTL_ENABLE_DEBUG_INFO = NO;
				SDKROOT = iphoneos;
				SWIFT_OPTIMIZATION_LEVEL = "-Owholemodule";
				VALIDATE_PRODUCT = YES;
			};
			name = Release;
		};
		1970FAA92062D81B009BE4B4 /* Debug */ = {
			isa = XCBuildConfiguration;
			baseConfigurationReference = 2EDA70A02E801DC0996ACBA1 /* Pods-MoviesAndSeries.debug.xcconfig */;
			buildSettings = {
				ASSETCATALOG_COMPILER_APPICON_NAME = AppIcon;
				CODE_SIGN_STYLE = Automatic;
				DEVELOPMENT_TEAM = MP67A7X2A3;
				INFOPLIST_FILE = "$(SRCROOT)/MoviesAndSeries/Info.plist";
				LD_RUNPATH_SEARCH_PATHS = "$(inherited) @executable_path/Frameworks";
				PRODUCT_BUNDLE_IDENTIFIER = com..MoviesAndSeries;
				PRODUCT_NAME = "$(TARGET_NAME)";
				SWIFT_VERSION = 4.0;
				TARGETED_DEVICE_FAMILY = 1;
			};
			name = Debug;
		};
		1970FAAA2062D81B009BE4B4 /* Release */ = {
			isa = XCBuildConfiguration;
			baseConfigurationReference = F42F213A02D27C55FD4C2DE6 /* Pods-MoviesAndSeries.release.xcconfig */;
			buildSettings = {
				ASSETCATALOG_COMPILER_APPICON_NAME = AppIcon;
				CODE_SIGN_STYLE = Automatic;
				DEVELOPMENT_TEAM = MP67A7X2A3;
				INFOPLIST_FILE = "$(SRCROOT)/MoviesAndSeries/Info.plist";
				LD_RUNPATH_SEARCH_PATHS = "$(inherited) @executable_path/Frameworks";
				PRODUCT_BUNDLE_IDENTIFIER = com..MoviesAndSeries;
				PRODUCT_NAME = "$(TARGET_NAME)";
				SWIFT_VERSION = 4.0;
				TARGETED_DEVICE_FAMILY = 1;
			};
			name = Release;
		};
/* End XCBuildConfiguration section */

/* Begin XCConfigurationList section */
		1970FA912062D81B009BE4B4 /* Build configuration list for PBXProject "MoviesAndSeries" */ = {
			isa = XCConfigurationList;
			buildConfigurations = (
				1970FAA62062D81B009BE4B4 /* Debug */,
				1970FAA72062D81B009BE4B4 /* Release */,
			);
			defaultConfigurationIsVisible = 0;
			defaultConfigurationName = Release;
		};
		1970FAA82062D81B009BE4B4 /* Build configuration list for PBXNativeTarget "MoviesAndSeries" */ = {
			isa = XCConfigurationList;
			buildConfigurations = (
				1970FAA92062D81B009BE4B4 /* Debug */,
				1970FAAA2062D81B009BE4B4 /* Release */,
			);
			defaultConfigurationIsVisible = 0;
			defaultConfigurationName = Release;
		};
/* End XCConfigurationList section */
	};
	rootObject = 1970FA8E2062D81B009BE4B4 /* Project object */;
}
